
Microsoft Visual Studio Solution File, Format Version 12.00
# Visual Studio Version 16
VisualStudioVersion = 16.0.30717.126
MinimumVisualStudioVersion = 10.0.40219.1
Project("{FAE04EC0-301F-11D3-BF4B-00C04F79EFBC}") = "KonyvtariNyilvantarto", "KonyvtariNyilvantarto\KonyvtariNyilvantarto.csproj", "{6B87660E-CA36-4BD5-93D6-F8F7D41345F3}"
EndProject
Global
	GlobalSection(SolutionConfigurationPlatforms) = preSolution
		Debug|Any CPU = Debug|Any CPU
		Release|Any CPU = Release|Any CPU
	EndGlobalSection
	GlobalSection(ProjectConfigurationPlatforms) = postSolution
		{6B87660E-CA36-4BD5-93D6-F8F7D41345F3}.Debug|Any CPU.ActiveCfg = Debug|Any CPU
		{6B87660E-CA36-4BD5-93D6-F8F7D41345F3}.Debug|Any CPU.Build.0 = Debug|Any CPU
		{6B87660E-CA36-4BD5-93D6-F8F7D41345F3}.Release|Any CPU.ActiveCfg = Release|Any CPU
		{6B87660E-CA36-4BD5-93D6-F8F7D41345F3}.Release|Any CPU.Build.0 = Release|Any CPU
	EndGlobalSection
	GlobalSection(SolutionProperties) = preSolution
		HideSolutionNode = FALSE
	EndGlobalSection
	GlobalSection(ExtensibilityGlobals) = postSolution
		SolutionGuid = {4133FFF1-1F26-49C4-BBAF-C8ACD7ECDA81}
	EndGlobalSection
EndGlobal
